
Microsoft Visual Studio Solution File, Format Version 12.00
# Visual Studio Version 16
VisualStudioVersion = 16.0.31702.278
MinimumVisualStudioVersion = 10.0.40219.1
Project("{9A19103F-16F7-4668-BE54-9A1E7A4F7556}") = "Back-End", "Back-End\Back-End.csproj", "{EF9EAC3A-FF60-47D2-9803-884F0C0241C8}"
EndProject
Project("{9A19103F-16F7-4668-BE54-9A1E7A4F7556}") = "Logic", "Logic\Logic.csproj", "{D2F328C3-0FCC-4910-8E19-4D1991B7AD55}"
EndProject
Project("{9A19103F-16F7-4668-BE54-9A1E7A4F7556}") = "Model", "Model\Model.csproj", "{D4B46843-2677-4876-B966-BEB8693C4A58}"
EndProject
Project("{9A19103F-16F7-4668-BE54-9A1E7A4F7556}") = "ILogic", "ILogic\ILogic.csproj", "{CC6402D8-9BE4-4A81-B94D-C25E8C196669}"
EndProject
Project("{9A19103F-16F7-4668-BE54-9A1E7A4F7556}") = "DAL", "DAL\DAL.csproj", "{932509D5-BF53-467E-95AF-CF29F23E9231}"
EndProject
Project("{9A19103F-16F7-4668-BE54-9A1E7A4F7556}") = "IDal", "IDal\IDal.csproj", "{4D614545-7FFA-4DB3-8068-C026E01DB6B3}"
EndProject
Project("{9A19103F-16F7-4668-BE54-9A1E7A4F7556}") = "IGDB", "IGDB\IGDB.csproj", "{C71A820C-72F1-4905-809E-52048AD3BC27}"
EndProject
Project("{9A19103F-16F7-4668-BE54-9A1E7A4F7556}") = "IGDB.Tests", "IGDB.Tests\IGDB.Tests.csproj", "{0AC4E5AE-A3DF-4A4B-9EC4-E0AA76174D43}"
EndProject
Global
	GlobalSection(SolutionConfigurationPlatforms) = preSolution
		Debug|Any CPU = Debug|Any CPU
		Release|Any CPU = Release|Any CPU
	EndGlobalSection
	GlobalSection(ProjectConfigurationPlatforms) = postSolution
		{EF9EAC3A-FF60-47D2-9803-884F0C0241C8}.Debug|Any CPU.ActiveCfg = Debug|Any CPU
		{EF9EAC3A-FF60-47D2-9803-884F0C0241C8}.Debug|Any CPU.Build.0 = Debug|Any CPU
		{EF9EAC3A-FF60-47D2-9803-884F0C0241C8}.Release|Any CPU.ActiveCfg = Release|Any CPU
		{EF9EAC3A-FF60-47D2-9803-884F0C0241C8}.Release|Any CPU.Build.0 = Release|Any CPU
		{D2F328C3-0FCC-4910-8E19-4D1991B7AD55}.Debug|Any CPU.ActiveCfg = Debug|Any CPU
		{D2F328C3-0FCC-4910-8E19-4D1991B7AD55}.Debug|Any CPU.Build.0 = Debug|Any CPU
		{D2F328C3-0FCC-4910-8E19-4D1991B7AD55}.Release|Any CPU.ActiveCfg = Release|Any CPU
		{D2F328C3-0FCC-4910-8E19-4D1991B7AD55}.Release|Any CPU.Build.0 = Release|Any CPU
		{D4B46843-2677-4876-B966-BEB8693C4A58}.Debug|Any CPU.ActiveCfg = Debug|Any CPU
		{D4B46843-2677-4876-B966-BEB8693C4A58}.Debug|Any CPU.Build.0 = Debug|Any CPU
		{D4B46843-2677-4876-B966-BEB8693C4A58}.Release|Any CPU.ActiveCfg = Release|Any CPU
		{D4B46843-2677-4876-B966-BEB8693C4A58}.Release|Any CPU.Build.0 = Release|Any CPU
		{CC6402D8-9BE4-4A81-B94D-C25E8C196669}.Debug|Any CPU.ActiveCfg = Debug|Any CPU
		{CC6402D8-9BE4-4A81-B94D-C25E8C196669}.Debug|Any CPU.Build.0 = Debug|Any CPU
		{CC6402D8-9BE4-4A81-B94D-C25E8C196669}.Release|Any CPU.ActiveCfg = Release|Any CPU
		{CC6402D8-9BE4-4A81-B94D-C25E8C196669}.Release|Any CPU.Build.0 = Release|Any CPU
		{932509D5-BF53-467E-95AF-CF29F23E9231}.Debug|Any CPU.ActiveCfg = Debug|Any CPU
		{932509D5-BF53-467E-95AF-CF29F23E9231}.Debug|Any CPU.Build.0 = Debug|Any CPU
		{932509D5-BF53-467E-95AF-CF29F23E9231}.Release|Any CPU.ActiveCfg = Release|Any CPU
		{932509D5-BF53-467E-95AF-CF29F23E9231}.Release|Any CPU.Build.0 = Release|Any CPU
		{4D614545-7FFA-4DB3-8068-C026E01DB6B3}.Debug|Any CPU.ActiveCfg = Debug|Any CPU
		{4D614545-7FFA-4DB3-8068-C026E01DB6B3}.Debug|Any CPU.Build.0 = Debug|Any CPU
		{4D614545-7FFA-4DB3-8068-C026E01DB6B3}.Release|Any CPU.ActiveCfg = Release|Any CPU
		{4D614545-7FFA-4DB3-8068-C026E01DB6B3}.Release|Any CPU.Build.0 = Release|Any CPU
		{C71A820C-72F1-4905-809E-52048AD3BC27}.Debug|Any CPU.ActiveCfg = Debug|Any CPU
		{C71A820C-72F1-4905-809E-52048AD3BC27}.Debug|Any CPU.Build.0 = Debug|Any CPU
		{C71A820C-72F1-4905-809E-52048AD3BC27}.Release|Any CPU.ActiveCfg = Release|Any CPU
		{C71A820C-72F1-4905-809E-52048AD3BC27}.Release|Any CPU.Build.0 = Release|Any CPU
		{0AC4E5AE-A3DF-4A4B-9EC4-E0AA76174D43}.Debug|Any CPU.ActiveCfg = Debug|Any CPU
		{0AC4E5AE-A3DF-4A4B-9EC4-E0AA76174D43}.Debug|Any CPU.Build.0 = Debug|Any CPU
		{0AC4E5AE-A3DF-4A4B-9EC4-E0AA76174D43}.Release|Any CPU.ActiveCfg = Release|Any CPU
		{0AC4E5AE-A3DF-4A4B-9EC4-E0AA76174D43}.Release|Any CPU.Build.0 = Release|Any CPU
	EndGlobalSection
	GlobalSection(SolutionProperties) = preSolution
		HideSolutionNode = FALSE
	EndGlobalSection
	GlobalSection(ExtensibilityGlobals) = postSolution
		SolutionGuid = {6988D411-13BF-4166-AEEA-DF9ED8BA4923}
	EndGlobalSection
EndGlobal
